// !$*UTF8*$!
{
	archiveVersion = 1;
	classes = {
	};
	objectVersion = 46;
	objects = {

/* Begin PBXBuildFile section */
		15AA9DC015B7EC7C0033D6C2 /* CDAudioManager.m in Sources */ = {isa = PBXBuildFile; fileRef = 15AA9DAA15B7EC7C0033D6C2 /* CDAudioManager.m */; };
		15AA9DC115B7EC7C0033D6C2 /* CDOpenALSupport.m in Sources */ = {isa = PBXBuildFile; fileRef = 15AA9DAD15B7EC7C0033D6C2 /* CDOpenALSupport.m */; };
		15AA9DC215B7EC7C0033D6C2 /* CocosDenshion.m in Sources */ = {isa = PBXBuildFile; fileRef = 15AA9DAF15B7EC7C0033D6C2 /* CocosDenshion.m */; };
		15AA9DC315B7EC7C0033D6C2 /* SimpleAudioEngine.mm in Sources */ = {isa = PBXBuildFile; fileRef = 15AA9DB015B7EC7C0033D6C2 /* SimpleAudioEngine.mm */; };
		15AA9DC415B7EC7C0033D6C2 /* SimpleAudioEngine_objc.m in Sources */ = {isa = PBXBuildFile; fileRef = 15AA9DB215B7EC7C0033D6C2 /* SimpleAudioEngine_objc.m */; };
		15AA9F4915B7F3A60033D6C2 /* libcocos2dx.a in Frameworks */ = {isa = PBXBuildFile; fileRef = 15AA9C3515B7EBDF0033D6C2 /* libcocos2dx.a */; };
		1ACB3244164770DE00914215 /* libcurl.a in Frameworks */ = {isa = PBXBuildFile; fileRef = 1ACB3243164770DE00914215 /* libcurl.a */; };
		1D3623260D0F684500981E51 /* testsAppDelegate.mm in Sources */ = {isa = PBXBuildFile; fileRef = 1D3623250D0F684500981E51 /* testsAppDelegate.mm */; };
		1D60589B0D05DD56006BFB54 /* main.m in Sources */ = {isa = PBXBuildFile; fileRef = 29B97316FDCFA39411CA2CEA /* main.m */; };
		1D60589F0D05DD5A006BFB54 /* Foundation.framework in Frameworks */ = {isa = PBXBuildFile; fileRef = 1D30AB110D05D00D00671497 /* Foundation.framework */; };
		1DF5F4E00D08C38300B7A737 /* UIKit.framework in Frameworks */ = {isa = PBXBuildFile; fileRef = 1DF5F4DF0D08C38300B7A737 /* UIKit.framework */; };
		288765A50DF7441C002DB57D /* CoreGraphics.framework in Frameworks */ = {isa = PBXBuildFile; fileRef = 288765A40DF7441C002DB57D /* CoreGraphics.framework */; };
		84137680176A4CC900CD88D6 /* music in Resources */ = {isa = PBXBuildFile; fileRef = 8413767F176A4CC900CD88D6 /* music */; };
		84137682176A4D5F00CD88D6 /* PurchaseEmulator.cpp in Sources */ = {isa = PBXBuildFile; fileRef = 84137681176A4D5F00CD88D6 /* PurchaseEmulator.cpp */; };
		841376F3176A4DB100CD88D6 /* AppDelegate.cpp in Sources */ = {isa = PBXBuildFile; fileRef = 84137684176A4DB000CD88D6 /* AppDelegate.cpp */; };
		841376F4176A4DB100CD88D6 /* AnimatedMenuItem.cpp in Sources */ = {isa = PBXBuildFile; fileRef = 8413768C176A4DB000CD88D6 /* AnimatedMenuItem.cpp */; };
		841376F5176A4DB100CD88D6 /* CCManualFont.cpp in Sources */ = {isa = PBXBuildFile; fileRef = 8413768F176A4DB000CD88D6 /* CCManualFont.cpp */; };
		841376F6176A4DB100CD88D6 /* CCScrollView.cpp in Sources */ = {isa = PBXBuildFile; fileRef = 84137692176A4DB000CD88D6 /* CCScrollView.cpp */; };
		841376F7176A4DB100CD88D6 /* CCTime.cpp in Sources */ = {isa = PBXBuildFile; fileRef = 84137694176A4DB000CD88D6 /* CCTime.cpp */; };
		841376F8176A4DB100CD88D6 /* GraphicsManager.cpp in Sources */ = {isa = PBXBuildFile; fileRef = 84137697176A4DB000CD88D6 /* GraphicsManager.cpp */; };
		841376F9176A4DB100CD88D6 /* MenuSpriteBatch.cpp in Sources */ = {isa = PBXBuildFile; fileRef = 84137699176A4DB000CD88D6 /* MenuSpriteBatch.cpp */; };
		841376FA176A4DB100CD88D6 /* MusicSettings.cpp in Sources */ = {isa = PBXBuildFile; fileRef = 8413769B176A4DB000CD88D6 /* MusicSettings.cpp */; };
		841376FB176A4DB100CD88D6 /* BackgroundHolder.cpp in Sources */ = {isa = PBXBuildFile; fileRef = 841376A0176A4DB000CD88D6 /* BackgroundHolder.cpp */; };
		841376FC176A4DB100CD88D6 /* DebugLayer.cpp in Sources */ = {isa = PBXBuildFile; fileRef = 841376A2176A4DB000CD88D6 /* DebugLayer.cpp */; };
		841376FD176A4DB100CD88D6 /* DisplaySolution.cpp in Sources */ = {isa = PBXBuildFile; fileRef = 841376A4176A4DB000CD88D6 /* DisplaySolution.cpp */; };
		841376FE176A4DB100CD88D6 /* EquationDrawer.cpp in Sources */ = {isa = PBXBuildFile; fileRef = 841376A6176A4DB000CD88D6 /* EquationDrawer.cpp */; };
		841376FF176A4DB100CD88D6 /* FoundSolutionsLayer.cpp in Sources */ = {isa = PBXBuildFile; fileRef = 841376A8176A4DB000CD88D6 /* FoundSolutionsLayer.cpp */; };
		84137700176A4DB100CD88D6 /* LevelKeyboard.cpp in Sources */ = {isa = PBXBuildFile; fileRef = 841376AA176A4DB000CD88D6 /* LevelKeyboard.cpp */; };
		84137701176A4DB100CD88D6 /* LevelScenePopUp.cpp in Sources */ = {isa = PBXBuildFile; fileRef = 841376AC176A4DB000CD88D6 /* LevelScenePopUp.cpp */; };
		84137702176A4DB100CD88D6 /* LevelStop.cpp in Sources */ = {isa = PBXBuildFile; fileRef = 841376AE176A4DB000CD88D6 /* LevelStop.cpp */; };
		84137703176A4DB100CD88D6 /* PopUpWindow.cpp in Sources */ = {isa = PBXBuildFile; fileRef = 841376B0176A4DB000CD88D6 /* PopUpWindow.cpp */; };
		84137704176A4DB100CD88D6 /* YesNoDialog.cpp in Sources */ = {isa = PBXBuildFile; fileRef = 841376B2176A4DB000CD88D6 /* YesNoDialog.cpp */; };
		84137705176A4DB100CD88D6 /* Collection.cpp in Sources */ = {isa = PBXBuildFile; fileRef = 841376B5176A4DB000CD88D6 /* Collection.cpp */; };
		84137706176A4DB100CD88D6 /* Language.cpp in Sources */ = {isa = PBXBuildFile; fileRef = 841376B7176A4DB000CD88D6 /* Language.cpp */; };
		84137707176A4DB100CD88D6 /* Level.cpp in Sources */ = {isa = PBXBuildFile; fileRef = 841376B9176A4DB000CD88D6 /* Level.cpp */; };
		84137708176A4DB100CD88D6 /* RW.cpp in Sources */ = {isa = PBXBuildFile; fileRef = 841376BB176A4DB000CD88D6 /* RW.cpp */; };
		84137709176A4DB100CD88D6 /* Stamp.cpp in Sources */ = {isa = PBXBuildFile; fileRef = 841376BD176A4DB000CD88D6 /* Stamp.cpp */; };
		8413770A176A4DB100CD88D6 /* Tutorial.cpp in Sources */ = {isa = PBXBuildFile; fileRef = 841376BF176A4DB000CD88D6 /* Tutorial.cpp */; };
		8413770B176A4DB100CD88D6 /* Equation.cpp in Sources */ = {isa = PBXBuildFile; fileRef = 841376C2176A4DB000CD88D6 /* Equation.cpp */; };
		8413770C176A4DB100CD88D6 /* ExpressionParser.cpp in Sources */ = {isa = PBXBuildFile; fileRef = 841376C4176A4DB000CD88D6 /* ExpressionParser.cpp */; };
		8413770D176A4DB100CD88D6 /* Node.cpp in Sources */ = {isa = PBXBuildFile; fileRef = 841376C6176A4DB000CD88D6 /* Node.cpp */; };
		8413770E176A4DB100CD88D6 /* Solution.cpp in Sources */ = {isa = PBXBuildFile; fileRef = 841376C8176A4DB000CD88D6 /* Solution.cpp */; };
		8413770F176A4DB100CD88D6 /* Symbol.cpp in Sources */ = {isa = PBXBuildFile; fileRef = 841376CA176A4DB000CD88D6 /* Symbol.cpp */; };
		84137710176A4DB100CD88D6 /* Term.cpp in Sources */ = {isa = PBXBuildFile; fileRef = 841376CC176A4DB000CD88D6 /* Term.cpp */; };
		84137711176A4DB100CD88D6 /* PurchaseHandler.cpp in Sources */ = {isa = PBXBuildFile; fileRef = 841376CE176A4DB000CD88D6 /* PurchaseHandler.cpp */; };
		84137712176A4DB100CD88D6 /* Developers.cpp in Sources */ = {isa = PBXBuildFile; fileRef = 841376D1176A4DB000CD88D6 /* Developers.cpp */; };
		84137713176A4DB100CD88D6 /* LevelScene.cpp in Sources */ = {isa = PBXBuildFile; fileRef = 841376D3176A4DB000CD88D6 /* LevelScene.cpp */; };
		84137714176A4DB100CD88D6 /* Loading.cpp in Sources */ = {isa = PBXBuildFile; fileRef = 841376D5176A4DB000CD88D6 /* Loading.cpp */; };
		84137715176A4DB100CD88D6 /* MainMenu.cpp in Sources */ = {isa = PBXBuildFile; fileRef = 841376D7176A4DB000CD88D6 /* MainMenu.cpp */; };
		84137716176A4DB100CD88D6 /* SelectCollection.cpp in Sources */ = {isa = PBXBuildFile; fileRef = 841376D9176A4DB000CD88D6 /* SelectCollection.cpp */; };
		84137717176A4DB100CD88D6 /* SelectLevel.cpp in Sources */ = {isa = PBXBuildFile; fileRef = 841376DC176A4DB000CD88D6 /* SelectLevel.cpp */; };
		84137718176A4DB100CD88D6 /* Settings.cpp in Sources */ = {isa = PBXBuildFile; fileRef = 841376DE176A4DB000CD88D6 /* Settings.cpp */; };
		84137719176A4DB100CD88D6 /* Store.cpp in Sources */ = {isa = PBXBuildFile; fileRef = 841376E0176A4DB000CD88D6 /* Store.cpp */; };
		841377B7176A5B9E00CD88D6 /* Security.framework in Frameworks */ = {isa = PBXBuildFile; fileRef = 841377B6176A5B9E00CD88D6 /* Security.framework */; };
		841377B9176A5BAE00CD88D6 /* StoreKit.framework in Frameworks */ = {isa = PBXBuildFile; fileRef = 841377B8176A5BAE00CD88D6 /* StoreKit.framework */; };
		841377BB176A5C3000CD88D6 /* cocos2dx_EventHandlers.cpp in Sources */ = {isa = PBXBuildFile; fileRef = 841377BA176A5C3000CD88D6 /* cocos2dx_EventHandlers.cpp */; };
		84305AEB174AA89C00947C7D /* medium in Resources */ = {isa = PBXBuildFile; fileRef = 84305AEA174AA89C00947C7D /* medium */; };
		84305AED174AA8A700947C7D /* levels.ad in Resources */ = {isa = PBXBuildFile; fileRef = 84305AEC174AA8A700947C7D /* levels.ad */; };
		8475989C1770D59A001D7178 /* Icon-57.png in Resources */ = {isa = PBXBuildFile; fileRef = 8475989B1770D59A001D7178 /* Icon-57.png */; };
		8475989E1770D5BD001D7178 /* Icon-114.png in Resources */ = {isa = PBXBuildFile; fileRef = 8475989D1770D5BD001D7178 /* Icon-114.png */; };
		847598A01770D5C7001D7178 /* Icon-72.png in Resources */ = {isa = PBXBuildFile; fileRef = 8475989F1770D5C7001D7178 /* Icon-72.png */; };
		847598A21770D5CF001D7178 /* Icon-144.png in Resources */ = {isa = PBXBuildFile; fileRef = 847598A11770D5CF001D7178 /* Icon-144.png */; };
		847598A41770E02E001D7178 /* iTunesArtwork in Resources */ = {isa = PBXBuildFile; fileRef = 847598A31770E02E001D7178 /* iTunesArtwork */; };
		84C2A198176B86FC006FFD35 /* Default-Landscape~ipad.png in Resources */ = {isa = PBXBuildFile; fileRef = 84C2A195176B8642006FFD35 /* Default-Landscape~ipad.png */; };
		84C2A199176B8798006FFD35 /* Default.png in Resources */ = {isa = PBXBuildFile; fileRef = 84C2A18F176B8603006FFD35 /* Default.png */; };
		84C2A19D176B8859006FFD35 /* Default-568h@2x.png in Resources */ = {isa = PBXBuildFile; fileRef = 84C2A19C176B8859006FFD35 /* Default-568h@2x.png */; };
		84C2A19E176B88B8006FFD35 /* Default@2x.png in Resources */ = {isa = PBXBuildFile; fileRef = 84C2A19A176B8818006FFD35 /* Default@2x.png */; };
		84C2A1A5176B9AAF006FFD35 /* SystemConfiguration.framework in Frameworks */ = {isa = PBXBuildFile; fileRef = 84C2A1A4176B9AAF006FFD35 /* SystemConfiguration.framework */; };
		84C38980176B324200114902 /* PlatformImpl.mm in Sources */ = {isa = PBXBuildFile; fileRef = 84C3897F176B324200114902 /* PlatformImpl.mm */; };
		BF171245129291EC00B8313A /* OpenGLES.framework in Frameworks */ = {isa = PBXBuildFile; fileRef = BF170DB012928DE900B8313A /* OpenGLES.framework */; };
		BF1712461292920000B8313A /* libxml2.dylib in Frameworks */ = {isa = PBXBuildFile; fileRef = BF170DB212928DE900B8313A /* libxml2.dylib */; };
		BF1712471292920000B8313A /* libz.dylib in Frameworks */ = {isa = PBXBuildFile; fileRef = BF170DB412928DE900B8313A /* libz.dylib */; };
		BF1C47F01293687400B63C5D /* QuartzCore.framework in Frameworks */ = {isa = PBXBuildFile; fileRef = BF1C47EA1293683800B63C5D /* QuartzCore.framework */; };
		BF3326F413690DA4007CAA22 /* RootViewController.mm in Sources */ = {isa = PBXBuildFile; fileRef = BF3326F313690DA4007CAA22 /* RootViewController.mm */; };
		D44C620C132DFF330009C878 /* OpenAL.framework in Frameworks */ = {isa = PBXBuildFile; fileRef = D44C620B132DFF330009C878 /* OpenAL.framework */; };
		D44C620E132DFF430009C878 /* AVFoundation.framework in Frameworks */ = {isa = PBXBuildFile; fileRef = D44C620D132DFF430009C878 /* AVFoundation.framework */; };
		D44C6210132DFF4E0009C878 /* AudioToolbox.framework in Frameworks */ = {isa = PBXBuildFile; fileRef = D44C620F132DFF4E0009C878 /* AudioToolbox.framework */; };
/* End PBXBuildFile section */

/* Begin PBXContainerItemProxy section */
		15AA9C3415B7EBDF0033D6C2 /* PBXContainerItemProxy */ = {
			isa = PBXContainerItemProxy;
			containerPortal = 15AA9C2D15B7EBDF0033D6C2 /* cocos2dx.xcodeproj */;
			proxyType = 2;
			remoteGlobalIDString = 1551A33F158F2AB200E66CFE;
			remoteInfo = cocos2dx;
		};
		15AA9F4715B7F39F0033D6C2 /* PBXContainerItemProxy */ = {
			isa = PBXContainerItemProxy;
			containerPortal = 15AA9C2D15B7EBDF0033D6C2 /* cocos2dx.xcodeproj */;
			proxyType = 1;
			remoteGlobalIDString = 1551A33E158F2AB200E66CFE;
			remoteInfo = cocos2dx;
		};
/* End PBXContainerItemProxy section */

/* Begin PBXFileReference section */
		15AA9C2D15B7EBDF0033D6C2 /* cocos2dx.xcodeproj */ = {isa = PBXFileReference; lastKnownFileType = "wrapper.pb-project"; name = cocos2dx.xcodeproj; path = ../../../cocos2dx/proj.ios/cocos2dx.xcodeproj; sourceTree = "<group>"; };
		15AA9DA615B7EC7C0033D6C2 /* Export.h */ = {isa = PBXFileReference; fileEncoding = 4; lastKnownFileType = sourcecode.c.h; path = Export.h; sourceTree = "<group>"; };
		15AA9DA715B7EC7C0033D6C2 /* SimpleAudioEngine.h */ = {isa = PBXFileReference; fileEncoding = 4; lastKnownFileType = sourcecode.c.h; path = SimpleAudioEngine.h; sourceTree = "<group>"; };
		15AA9DA915B7EC7C0033D6C2 /* CDAudioManager.h */ = {isa = PBXFileReference; fileEncoding = 4; lastKnownFileType = sourcecode.c.h; path = CDAudioManager.h; sourceTree = "<group>"; };
		15AA9DAA15B7EC7C0033D6C2 /* CDAudioManager.m */ = {isa = PBXFileReference; fileEncoding = 4; lastKnownFileType = sourcecode.c.objc; path = CDAudioManager.m; sourceTree = "<group>"; };
		15AA9DAB15B7EC7C0033D6C2 /* CDConfig.h */ = {isa = PBXFileReference; fileEncoding = 4; lastKnownFileType = sourcecode.c.h; path = CDConfig.h; sourceTree = "<group>"; };
		15AA9DAC15B7EC7C0033D6C2 /* CDOpenALSupport.h */ = {isa = PBXFileReference; fileEncoding = 4; lastKnownFileType = sourcecode.c.h; path = CDOpenALSupport.h; sourceTree = "<group>"; };
		15AA9DAD15B7EC7C0033D6C2 /* CDOpenALSupport.m */ = {isa = PBXFileReference; fileEncoding = 4; lastKnownFileType = sourcecode.c.objc; path = CDOpenALSupport.m; sourceTree = "<group>"; };
		15AA9DAE15B7EC7C0033D6C2 /* CocosDenshion.h */ = {isa = PBXFileReference; fileEncoding = 4; lastKnownFileType = sourcecode.c.h; path = CocosDenshion.h; sourceTree = "<group>"; };
		15AA9DAF15B7EC7C0033D6C2 /* CocosDenshion.m */ = {isa = PBXFileReference; fileEncoding = 4; lastKnownFileType = sourcecode.c.objc; path = CocosDenshion.m; sourceTree = "<group>"; };
		15AA9DB015B7EC7C0033D6C2 /* SimpleAudioEngine.mm */ = {isa = PBXFileReference; fileEncoding = 4; lastKnownFileType = sourcecode.cpp.objcpp; path = SimpleAudioEngine.mm; sourceTree = "<group>"; };
		15AA9DB115B7EC7C0033D6C2 /* SimpleAudioEngine_objc.h */ = {isa = PBXFileReference; fileEncoding = 4; lastKnownFileType = sourcecode.c.h; path = SimpleAudioEngine_objc.h; sourceTree = "<group>"; };
		15AA9DB215B7EC7C0033D6C2 /* SimpleAudioEngine_objc.m */ = {isa = PBXFileReference; fileEncoding = 4; lastKnownFileType = sourcecode.c.objc; path = SimpleAudioEngine_objc.m; sourceTree = "<group>"; };
		1ACB3243164770DE00914215 /* libcurl.a */ = {isa = PBXFileReference; lastKnownFileType = archive.ar; name = libcurl.a; path = ../../../cocos2dx/platform/third_party/ios/libraries/libcurl.a; sourceTree = "<group>"; };
		1D30AB110D05D00D00671497 /* Foundation.framework */ = {isa = PBXFileReference; lastKnownFileType = wrapper.framework; name = Foundation.framework; path = System/Library/Frameworks/Foundation.framework; sourceTree = SDKROOT; };
		1D3623240D0F684500981E51 /* testsAppDelegate.h */ = {isa = PBXFileReference; fileEncoding = 4; lastKnownFileType = sourcecode.c.h; path = testsAppDelegate.h; sourceTree = "<group>"; };
		1D3623250D0F684500981E51 /* testsAppDelegate.mm */ = {isa = PBXFileReference; fileEncoding = 4; lastKnownFileType = sourcecode.cpp.objcpp; path = testsAppDelegate.mm; sourceTree = "<group>"; };
		1DF5F4DF0D08C38300B7A737 /* UIKit.framework */ = {isa = PBXFileReference; lastKnownFileType = wrapper.framework; name = UIKit.framework; path = System/Library/Frameworks/UIKit.framework; sourceTree = SDKROOT; };
		288765A40DF7441C002DB57D /* CoreGraphics.framework */ = {isa = PBXFileReference; lastKnownFileType = wrapper.framework; name = CoreGraphics.framework; path = System/Library/Frameworks/CoreGraphics.framework; sourceTree = SDKROOT; };
		29B97316FDCFA39411CA2CEA /* main.m */ = {isa = PBXFileReference; fileEncoding = 4; lastKnownFileType = sourcecode.c.objc; name = main.m; path = ../main.m; sourceTree = "<group>"; };
		32CA4F630368D1EE00C91783 /* iphone_Prefix.pch */ = {isa = PBXFileReference; fileEncoding = 4; lastKnownFileType = sourcecode.c.h; name = iphone_Prefix.pch; path = ../iphone_Prefix.pch; sourceTree = "<group>"; };
		8413767F176A4CC900CD88D6 /* music */ = {isa = PBXFileReference; lastKnownFileType = folder; name = music; path = ../Resources/music; sourceTree = "<group>"; };
		84137681176A4D5F00CD88D6 /* PurchaseEmulator.cpp */ = {isa = PBXFileReference; fileEncoding = 4; lastKnownFileType = sourcecode.cpp.cpp; path = PurchaseEmulator.cpp; sourceTree = "<group>"; };
		84137684176A4DB000CD88D6 /* AppDelegate.cpp */ = {isa = PBXFileReference; fileEncoding = 4; lastKnownFileType = sourcecode.cpp.cpp; path = AppDelegate.cpp; sourceTree = "<group>"; };
		84137685176A4DB000CD88D6 /* AppDelegate.h */ = {isa = PBXFileReference; fileEncoding = 4; lastKnownFileType = sourcecode.c.h; path = AppDelegate.h; sourceTree = "<group>"; };
		84137686176A4DB000CD88D6 /* AppMacros.h */ = {isa = PBXFileReference; fileEncoding = 4; lastKnownFileType = sourcecode.c.h; path = AppMacros.h; sourceTree = "<group>"; };
		84137688176A4DB000CD88D6 /* Binary.h */ = {isa = PBXFileReference; fileEncoding = 4; lastKnownFileType = sourcecode.c.h; path = Binary.h; sourceTree = "<group>"; };
		84137689176A4DB000CD88D6 /* BinaryLogic.h */ = {isa = PBXFileReference; fileEncoding = 4; lastKnownFileType = sourcecode.c.h; path = BinaryLogic.h; sourceTree = "<group>"; };
		8413768A176A4DB000CD88D6 /* cocos2d-A.h */ = {isa = PBXFileReference; fileEncoding = 4; lastKnownFileType = sourcecode.c.h; path = "cocos2d-A.h"; sourceTree = "<group>"; };
		8413768C176A4DB000CD88D6 /* AnimatedMenuItem.cpp */ = {isa = PBXFileReference; fileEncoding = 4; lastKnownFileType = sourcecode.cpp.cpp; path = AnimatedMenuItem.cpp; sourceTree = "<group>"; };
		8413768D176A4DB000CD88D6 /* AnimatedMenuItem.h */ = {isa = PBXFileReference; fileEncoding = 4; lastKnownFileType = sourcecode.c.h; path = AnimatedMenuItem.h; sourceTree = "<group>"; };
		8413768E176A4DB000CD88D6 /* Browser.h */ = {isa = PBXFileReference; fileEncoding = 4; lastKnownFileType = sourcecode.c.h; path = Browser.h; sourceTree = "<group>"; };
		8413768F176A4DB000CD88D6 /* CCManualFont.cpp */ = {isa = PBXFileReference; fileEncoding = 4; lastKnownFileType = sourcecode.cpp.cpp; path = CCManualFont.cpp; sourceTree = "<group>"; };
		84137690176A4DB000CD88D6 /* CCManualFont.h */ = {isa = PBXFileReference; fileEncoding = 4; lastKnownFileType = sourcecode.c.h; path = CCManualFont.h; sourceTree = "<group>"; };
		84137691176A4DB000CD88D6 /* CCNodeWithOpacity.h */ = {isa = PBXFileReference; fileEncoding = 4; lastKnownFileType = sourcecode.c.h; path = CCNodeWithOpacity.h; sourceTree = "<group>"; };
		84137692176A4DB000CD88D6 /* CCScrollView.cpp */ = {isa = PBXFileReference; fileEncoding = 4; lastKnownFileType = sourcecode.cpp.cpp; path = CCScrollView.cpp; sourceTree = "<group>"; };
		84137693176A4DB000CD88D6 /* CCScrollView.h */ = {isa = PBXFileReference; fileEncoding = 4; lastKnownFileType = sourcecode.c.h; path = CCScrollView.h; sourceTree = "<group>"; };
		84137694176A4DB000CD88D6 /* CCTime.cpp */ = {isa = PBXFileReference; fileEncoding = 4; lastKnownFileType = sourcecode.cpp.cpp; path = CCTime.cpp; sourceTree = "<group>"; };
		84137695176A4DB000CD88D6 /* CCTime.h */ = {isa = PBXFileReference; fileEncoding = 4; lastKnownFileType = sourcecode.c.h; path = CCTime.h; sourceTree = "<group>"; };
		84137696176A4DB000CD88D6 /* ExtensionMacros.h */ = {isa = PBXFileReference; fileEncoding = 4; lastKnownFileType = sourcecode.c.h; path = ExtensionMacros.h; sourceTree = "<group>"; };
		84137697176A4DB000CD88D6 /* GraphicsManager.cpp */ = {isa = PBXFileReference; fileEncoding = 4; lastKnownFileType = sourcecode.cpp.cpp; path = GraphicsManager.cpp; sourceTree = "<group>"; };
		84137698176A4DB000CD88D6 /* GraphicsManager.h */ = {isa = PBXFileReference; fileEncoding = 4; lastKnownFileType = sourcecode.c.h; path = GraphicsManager.h; sourceTree = "<group>"; };
		84137699176A4DB000CD88D6 /* MenuSpriteBatch.cpp */ = {isa = PBXFileReference; fileEncoding = 4; lastKnownFileType = sourcecode.cpp.cpp; path = MenuSpriteBatch.cpp; sourceTree = "<group>"; };
		8413769A176A4DB000CD88D6 /* MenuSpriteBatch.h */ = {isa = PBXFileReference; fileEncoding = 4; lastKnownFileType = sourcecode.c.h; path = MenuSpriteBatch.h; sourceTree = "<group>"; };
		8413769B176A4DB000CD88D6 /* MusicSettings.cpp */ = {isa = PBXFileReference; fileEncoding = 4; lastKnownFileType = sourcecode.cpp.cpp; path = MusicSettings.cpp; sourceTree = "<group>"; };
		8413769C176A4DB000CD88D6 /* MusicSettings.h */ = {isa = PBXFileReference; fileEncoding = 4; lastKnownFileType = sourcecode.c.h; path = MusicSettings.h; sourceTree = "<group>"; };
		8413769D176A4DB000CD88D6 /* Notification.h */ = {isa = PBXFileReference; fileEncoding = 4; lastKnownFileType = sourcecode.c.h; path = Notification.h; sourceTree = "<group>"; };
		8413769E176A4DB000CD88D6 /* Statistics.h */ = {isa = PBXFileReference; fileEncoding = 4; lastKnownFileType = sourcecode.c.h; path = Statistics.h; sourceTree = "<group>"; };
		841376A0176A4DB000CD88D6 /* BackgroundHolder.cpp */ = {isa = PBXFileReference; fileEncoding = 4; lastKnownFileType = sourcecode.cpp.cpp; path = BackgroundHolder.cpp; sourceTree = "<group>"; };
		841376A1176A4DB000CD88D6 /* BackgroundHolder.h */ = {isa = PBXFileReference; fileEncoding = 4; lastKnownFileType = sourcecode.c.h; path = BackgroundHolder.h; sourceTree = "<group>"; };
		841376A2176A4DB000CD88D6 /* DebugLayer.cpp */ = {isa = PBXFileReference; fileEncoding = 4; lastKnownFileType = sourcecode.cpp.cpp; path = DebugLayer.cpp; sourceTree = "<group>"; };
		841376A3176A4DB000CD88D6 /* DebugLayer.h */ = {isa = PBXFileReference; fileEncoding = 4; lastKnownFileType = sourcecode.c.h; path = DebugLayer.h; sourceTree = "<group>"; };
		841376A4176A4DB000CD88D6 /* DisplaySolution.cpp */ = {isa = PBXFileReference; fileEncoding = 4; lastKnownFileType = sourcecode.cpp.cpp; path = DisplaySolution.cpp; sourceTree = "<group>"; };
		841376A5176A4DB000CD88D6 /* DisplaySolution.h */ = {isa = PBXFileReference; fileEncoding = 4; lastKnownFileType = sourcecode.c.h; path = DisplaySolution.h; sourceTree = "<group>"; };
		841376A6176A4DB000CD88D6 /* EquationDrawer.cpp */ = {isa = PBXFileReference; fileEncoding = 4; lastKnownFileType = sourcecode.cpp.cpp; path = EquationDrawer.cpp; sourceTree = "<group>"; };
		841376A7176A4DB000CD88D6 /* EquationDrawer.h */ = {isa = PBXFileReference; fileEncoding = 4; lastKnownFileType = sourcecode.c.h; path = EquationDrawer.h; sourceTree = "<group>"; };
		841376A8176A4DB000CD88D6 /* FoundSolutionsLayer.cpp */ = {isa = PBXFileReference; fileEncoding = 4; lastKnownFileType = sourcecode.cpp.cpp; path = FoundSolutionsLayer.cpp; sourceTree = "<group>"; };
		841376A9176A4DB000CD88D6 /* FoundSolutionsLayer.h */ = {isa = PBXFileReference; fileEncoding = 4; lastKnownFileType = sourcecode.c.h; path = FoundSolutionsLayer.h; sourceTree = "<group>"; };
		841376AA176A4DB000CD88D6 /* LevelKeyboard.cpp */ = {isa = PBXFileReference; fileEncoding = 4; lastKnownFileType = sourcecode.cpp.cpp; path = LevelKeyboard.cpp; sourceTree = "<group>"; };
		841376AB176A4DB000CD88D6 /* LevelKeyboard.h */ = {isa = PBXFileReference; fileEncoding = 4; lastKnownFileType = sourcecode.c.h; path = LevelKeyboard.h; sourceTree = "<group>"; };
		841376AC176A4DB000CD88D6 /* LevelScenePopUp.cpp */ = {isa = PBXFileReference; fileEncoding = 4; lastKnownFileType = sourcecode.cpp.cpp; path = LevelScenePopUp.cpp; sourceTree = "<group>"; };
		841376AD176A4DB000CD88D6 /* LevelScenePopUp.h */ = {isa = PBXFileReference; fileEncoding = 4; lastKnownFileType = sourcecode.c.h; path = LevelScenePopUp.h; sourceTree = "<group>"; };
		841376AE176A4DB000CD88D6 /* LevelStop.cpp */ = {isa = PBXFileReference; fileEncoding = 4; lastKnownFileType = sourcecode.cpp.cpp; path = LevelStop.cpp; sourceTree = "<group>"; };
		841376AF176A4DB000CD88D6 /* LevelStop.h */ = {isa = PBXFileReference; fileEncoding = 4; lastKnownFileType = sourcecode.c.h; path = LevelStop.h; sourceTree = "<group>"; };
		841376B0176A4DB000CD88D6 /* PopUpWindow.cpp */ = {isa = PBXFileReference; fileEncoding = 4; lastKnownFileType = sourcecode.cpp.cpp; path = PopUpWindow.cpp; sourceTree = "<group>"; };
		841376B1176A4DB000CD88D6 /* PopUpWindow.h */ = {isa = PBXFileReference; fileEncoding = 4; lastKnownFileType = sourcecode.c.h; path = PopUpWindow.h; sourceTree = "<group>"; };
		841376B2176A4DB000CD88D6 /* YesNoDialog.cpp */ = {isa = PBXFileReference; fileEncoding = 4; lastKnownFileType = sourcecode.cpp.cpp; path = YesNoDialog.cpp; sourceTree = "<group>"; };
		841376B3176A4DB000CD88D6 /* YesNoDialog.h */ = {isa = PBXFileReference; fileEncoding = 4; lastKnownFileType = sourcecode.c.h; path = YesNoDialog.h; sourceTree = "<group>"; };
		841376B5176A4DB000CD88D6 /* Collection.cpp */ = {isa = PBXFileReference; fileEncoding = 4; lastKnownFileType = sourcecode.cpp.cpp; path = Collection.cpp; sourceTree = "<group>"; };
		841376B6176A4DB000CD88D6 /* Collection.h */ = {isa = PBXFileReference; fileEncoding = 4; lastKnownFileType = sourcecode.c.h; path = Collection.h; sourceTree = "<group>"; };
		841376B7176A4DB000CD88D6 /* Language.cpp */ = {isa = PBXFileReference; fileEncoding = 4; lastKnownFileType = sourcecode.cpp.cpp; path = Language.cpp; sourceTree = "<group>"; };
		841376B8176A4DB000CD88D6 /* Language.h */ = {isa = PBXFileReference; fileEncoding = 4; lastKnownFileType = sourcecode.c.h; path = Language.h; sourceTree = "<group>"; };
		841376B9176A4DB000CD88D6 /* Level.cpp */ = {isa = PBXFileReference; fileEncoding = 4; lastKnownFileType = sourcecode.cpp.cpp; path = Level.cpp; sourceTree = "<group>"; };
		841376BA176A4DB000CD88D6 /* Level.h */ = {isa = PBXFileReference; fileEncoding = 4; lastKnownFileType = sourcecode.c.h; path = Level.h; sourceTree = "<group>"; };
		841376BB176A4DB000CD88D6 /* RW.cpp */ = {isa = PBXFileReference; fileEncoding = 4; lastKnownFileType = sourcecode.cpp.cpp; path = RW.cpp; sourceTree = "<group>"; };
		841376BC176A4DB000CD88D6 /* RW.h */ = {isa = PBXFileReference; fileEncoding = 4; lastKnownFileType = sourcecode.c.h; path = RW.h; sourceTree = "<group>"; };
		841376BD176A4DB000CD88D6 /* Stamp.cpp */ = {isa = PBXFileReference; fileEncoding = 4; lastKnownFileType = sourcecode.cpp.cpp; path = Stamp.cpp; sourceTree = "<group>"; };
		841376BE176A4DB000CD88D6 /* Stamp.h */ = {isa = PBXFileReference; fileEncoding = 4; lastKnownFileType = sourcecode.c.h; path = Stamp.h; sourceTree = "<group>"; };
		841376BF176A4DB000CD88D6 /* Tutorial.cpp */ = {isa = PBXFileReference; fileEncoding = 4; lastKnownFileType = sourcecode.cpp.cpp; path = Tutorial.cpp; sourceTree = "<group>"; };
		841376C0176A4DB000CD88D6 /* Tutorial.h */ = {isa = PBXFileReference; fileEncoding = 4; lastKnownFileType = sourcecode.c.h; path = Tutorial.h; sourceTree = "<group>"; };
		841376C2176A4DB000CD88D6 /* Equation.cpp */ = {isa = PBXFileReference; fileEncoding = 4; lastKnownFileType = sourcecode.cpp.cpp; path = Equation.cpp; sourceTree = "<group>"; };
		841376C3176A4DB000CD88D6 /* Equation.h */ = {isa = PBXFileReference; fileEncoding = 4; lastKnownFileType = sourcecode.c.h; path = Equation.h; sourceTree = "<group>"; };
		841376C4176A4DB000CD88D6 /* ExpressionParser.cpp */ = {isa = PBXFileReference; fileEncoding = 4; lastKnownFileType = sourcecode.cpp.cpp; path = ExpressionParser.cpp; sourceTree = "<group>"; };
		841376C5176A4DB000CD88D6 /* ExpressionParser.h */ = {isa = PBXFileReference; fileEncoding = 4; lastKnownFileType = sourcecode.c.h; path = ExpressionParser.h; sourceTree = "<group>"; };
		841376C6176A4DB000CD88D6 /* Node.cpp */ = {isa = PBXFileReference; fileEncoding = 4; lastKnownFileType = sourcecode.cpp.cpp; path = Node.cpp; sourceTree = "<group>"; };
		841376C7176A4DB000CD88D6 /* Node.h */ = {isa = PBXFileReference; fileEncoding = 4; lastKnownFileType = sourcecode.c.h; path = Node.h; sourceTree = "<group>"; };
		841376C8176A4DB000CD88D6 /* Solution.cpp */ = {isa = PBXFileReference; fileEncoding = 4; lastKnownFileType = sourcecode.cpp.cpp; path = Solution.cpp; sourceTree = "<group>"; };
		841376C9176A4DB000CD88D6 /* Solution.h */ = {isa = PBXFileReference; fileEncoding = 4; lastKnownFileType = sourcecode.c.h; path = Solution.h; sourceTree = "<group>"; };
		841376CA176A4DB000CD88D6 /* Symbol.cpp */ = {isa = PBXFileReference; fileEncoding = 4; lastKnownFileType = sourcecode.cpp.cpp; path = Symbol.cpp; sourceTree = "<group>"; };
		841376CB176A4DB000CD88D6 /* Symbol.h */ = {isa = PBXFileReference; fileEncoding = 4; lastKnownFileType = sourcecode.c.h; path = Symbol.h; sourceTree = "<group>"; };
		841376CC176A4DB000CD88D6 /* Term.cpp */ = {isa = PBXFileReference; fileEncoding = 4; lastKnownFileType = sourcecode.cpp.cpp; path = Term.cpp; sourceTree = "<group>"; };
		841376CD176A4DB000CD88D6 /* Term.h */ = {isa = PBXFileReference; fileEncoding = 4; lastKnownFileType = sourcecode.c.h; path = Term.h; sourceTree = "<group>"; };
		841376CE176A4DB000CD88D6 /* PurchaseHandler.cpp */ = {isa = PBXFileReference; fileEncoding = 4; lastKnownFileType = sourcecode.cpp.cpp; path = PurchaseHandler.cpp; sourceTree = "<group>"; };
		841376CF176A4DB000CD88D6 /* PurchaseHandler.h */ = {isa = PBXFileReference; fileEncoding = 4; lastKnownFileType = sourcecode.c.h; path = PurchaseHandler.h; sourceTree = "<group>"; };
		841376D1176A4DB000CD88D6 /* Developers.cpp */ = {isa = PBXFileReference; fileEncoding = 4; lastKnownFileType = sourcecode.cpp.cpp; path = Developers.cpp; sourceTree = "<group>"; };
		841376D2176A4DB000CD88D6 /* Developers.h */ = {isa = PBXFileReference; fileEncoding = 4; lastKnownFileType = sourcecode.c.h; path = Developers.h; sourceTree = "<group>"; };
		841376D3176A4DB000CD88D6 /* LevelScene.cpp */ = {isa = PBXFileReference; fileEncoding = 4; lastKnownFileType = sourcecode.cpp.cpp; path = LevelScene.cpp; sourceTree = "<group>"; };
		841376D4176A4DB000CD88D6 /* LevelScene.h */ = {isa = PBXFileReference; fileEncoding = 4; lastKnownFileType = sourcecode.c.h; path = LevelScene.h; sourceTree = "<group>"; };
		841376D5176A4DB000CD88D6 /* Loading.cpp */ = {isa = PBXFileReference; fileEncoding = 4; lastKnownFileType = sourcecode.cpp.cpp; path = Loading.cpp; sourceTree = "<group>"; };
		841376D6176A4DB000CD88D6 /* Loading.h */ = {isa = PBXFileReference; fileEncoding = 4; lastKnownFileType = sourcecode.c.h; path = Loading.h; sourceTree = "<group>"; };
		841376D7176A4DB000CD88D6 /* MainMenu.cpp */ = {isa = PBXFileReference; fileEncoding = 4; lastKnownFileType = sourcecode.cpp.cpp; path = MainMenu.cpp; sourceTree = "<group>"; };
		841376D8176A4DB000CD88D6 /* MainMenu.h */ = {isa = PBXFileReference; fileEncoding = 4; lastKnownFileType = sourcecode.c.h; path = MainMenu.h; sourceTree = "<group>"; };
		841376D9176A4DB000CD88D6 /* SelectCollection.cpp */ = {isa = PBXFileReference; fileEncoding = 4; lastKnownFileType = sourcecode.cpp.cpp; path = SelectCollection.cpp; sourceTree = "<group>"; };
		841376DA176A4DB000CD88D6 /* SelectCollection.h */ = {isa = PBXFileReference; fileEncoding = 4; lastKnownFileType = sourcecode.c.h; path = SelectCollection.h; sourceTree = "<group>"; };
		841376DB176A4DB000CD88D6 /* SelectCollection_UnlockAnimator.h */ = {isa = PBXFileReference; fileEncoding = 4; lastKnownFileType = sourcecode.c.h; path = SelectCollection_UnlockAnimator.h; sourceTree = "<group>"; };
		841376DC176A4DB000CD88D6 /* SelectLevel.cpp */ = {isa = PBXFileReference; fileEncoding = 4; lastKnownFileType = sourcecode.cpp.cpp; path = SelectLevel.cpp; sourceTree = "<group>"; };
		841376DD176A4DB000CD88D6 /* SelectLevel.h */ = {isa = PBXFileReference; fileEncoding = 4; lastKnownFileType = sourcecode.c.h; path = SelectLevel.h; sourceTree = "<group>"; };
		841376DE176A4DB000CD88D6 /* Settings.cpp */ = {isa = PBXFileReference; fileEncoding = 4; lastKnownFileType = sourcecode.cpp.cpp; path = Settings.cpp; sourceTree = "<group>"; };
		841376DF176A4DB000CD88D6 /* Settings.h */ = {isa = PBXFileReference; fileEncoding = 4; lastKnownFileType = sourcecode.c.h; path = Settings.h; sourceTree = "<group>"; };
		841376E0176A4DB000CD88D6 /* Store.cpp */ = {isa = PBXFileReference; fileEncoding = 4; lastKnownFileType = sourcecode.cpp.cpp; path = Store.cpp; sourceTree = "<group>"; };
		841376E1176A4DB000CD88D6 /* Store.h */ = {isa = PBXFileReference; fileEncoding = 4; lastKnownFileType = sourcecode.c.h; path = Store.h; sourceTree = "<group>"; };
		841377B6176A5B9E00CD88D6 /* Security.framework */ = {isa = PBXFileReference; lastKnownFileType = wrapper.framework; name = Security.framework; path = System/Library/Frameworks/Security.framework; sourceTree = SDKROOT; };
		841377B8176A5BAE00CD88D6 /* StoreKit.framework */ = {isa = PBXFileReference; lastKnownFileType = wrapper.framework; name = StoreKit.framework; path = System/Library/Frameworks/StoreKit.framework; sourceTree = SDKROOT; };
		841377BA176A5C3000CD88D6 /* cocos2dx_EventHandlers.cpp */ = {isa = PBXFileReference; fileEncoding = 4; lastKnownFileType = sourcecode.cpp.cpp; name = cocos2dx_EventHandlers.cpp; path = StoreBridge/cocos2dx_EventHandlers.cpp; sourceTree = "<group>"; };
		84305AEA174AA89C00947C7D /* medium */ = {isa = PBXFileReference; lastKnownFileType = folder; name = medium; path = ../Resources/medium; sourceTree = "<group>"; };
		84305AEC174AA8A700947C7D /* levels.ad */ = {isa = PBXFileReference; lastKnownFileType = file; name = levels.ad; path = ../Resources/levels.ad; sourceTree = "<group>"; };
		8475989A1770D51F001D7178 /* MathIsFunJunior.app */ = {isa = PBXFileReference; explicitFileType = wrapper.application; includeInIndex = 0; path = MathIsFunJunior.app; sourceTree = BUILT_PRODUCTS_DIR; };
		8475989B1770D59A001D7178 /* Icon-57.png */ = {isa = PBXFileReference; lastKnownFileType = image.png; path = "Icon-57.png"; sourceTree = "<group>"; };
		8475989D1770D5BD001D7178 /* Icon-114.png */ = {isa = PBXFileReference; lastKnownFileType = image.png; path = "Icon-114.png"; sourceTree = "<group>"; };
		8475989F1770D5C7001D7178 /* Icon-72.png */ = {isa = PBXFileReference; lastKnownFileType = image.png; path = "Icon-72.png"; sourceTree = "<group>"; };
		847598A11770D5CF001D7178 /* Icon-144.png */ = {isa = PBXFileReference; lastKnownFileType = image.png; path = "Icon-144.png"; sourceTree = "<group>"; };
		847598A31770E02E001D7178 /* iTunesArtwork */ = {isa = PBXFileReference; lastKnownFileType = file; path = iTunesArtwork; sourceTree = "<group>"; };
		84C2A18F176B8603006FFD35 /* Default.png */ = {isa = PBXFileReference; lastKnownFileType = image.png; path = Default.png; sourceTree = "<group>"; };
		84C2A195176B8642006FFD35 /* Default-Landscape~ipad.png */ = {isa = PBXFileReference; lastKnownFileType = image.png; path = "Default-Landscape~ipad.png"; sourceTree = "<group>"; };
		84C2A19A176B8818006FFD35 /* Default@2x.png */ = {isa = PBXFileReference; lastKnownFileType = image.png; path = "Default@2x.png"; sourceTree = "<group>"; };
		84C2A19C176B8859006FFD35 /* Default-568h@2x.png */ = {isa = PBXFileReference; lastKnownFileType = image.png; path = "Default-568h@2x.png"; sourceTree = "<group>"; };
		84C2A1A2176B9A58006FFD35 /* CFNetwork.framework */ = {isa = PBXFileReference; lastKnownFileType = wrapper.framework; name = CFNetwork.framework; path = System/Library/Frameworks/CFNetwork.framework; sourceTree = SDKROOT; };
		84C2A1A4176B9AAF006FFD35 /* SystemConfiguration.framework */ = {isa = PBXFileReference; lastKnownFileType = wrapper.framework; name = SystemConfiguration.framework; path = System/Library/Frameworks/SystemConfiguration.framework; sourceTree = SDKROOT; };
		84C3897F176B324200114902 /* PlatformImpl.mm */ = {isa = PBXFileReference; fileEncoding = 4; lastKnownFileType = sourcecode.cpp.objcpp; path = PlatformImpl.mm; sourceTree = "<group>"; };
		BF170DB012928DE900B8313A /* OpenGLES.framework */ = {isa = PBXFileReference; lastKnownFileType = wrapper.framework; name = OpenGLES.framework; path = System/Library/Frameworks/OpenGLES.framework; sourceTree = SDKROOT; };
		BF170DB212928DE900B8313A /* libxml2.dylib */ = {isa = PBXFileReference; lastKnownFileType = "compiled.mach-o.dylib"; name = libxml2.dylib; path = usr/lib/libxml2.dylib; sourceTree = SDKROOT; };
		BF170DB412928DE900B8313A /* libz.dylib */ = {isa = PBXFileReference; lastKnownFileType = "compiled.mach-o.dylib"; name = libz.dylib; path = usr/lib/libz.dylib; sourceTree = SDKROOT; };
		BF1C47EA1293683800B63C5D /* QuartzCore.framework */ = {isa = PBXFileReference; lastKnownFileType = wrapper.framework; name = QuartzCore.framework; path = System/Library/Frameworks/QuartzCore.framework; sourceTree = SDKROOT; };
		BF3326F213690DA4007CAA22 /* RootViewController.h */ = {isa = PBXFileReference; fileEncoding = 4; lastKnownFileType = sourcecode.c.h; path = RootViewController.h; sourceTree = "<group>"; };
		BF3326F313690DA4007CAA22 /* RootViewController.mm */ = {isa = PBXFileReference; fileEncoding = 4; lastKnownFileType = sourcecode.cpp.objcpp; path = RootViewController.mm; sourceTree = "<group>"; };
		D44C620B132DFF330009C878 /* OpenAL.framework */ = {isa = PBXFileReference; lastKnownFileType = wrapper.framework; name = OpenAL.framework; path = System/Library/Frameworks/OpenAL.framework; sourceTree = SDKROOT; };
		D44C620D132DFF430009C878 /* AVFoundation.framework */ = {isa = PBXFileReference; lastKnownFileType = wrapper.framework; name = AVFoundation.framework; path = System/Library/Frameworks/AVFoundation.framework; sourceTree = SDKROOT; };
		D44C620F132DFF4E0009C878 /* AudioToolbox.framework */ = {isa = PBXFileReference; lastKnownFileType = wrapper.framework; name = AudioToolbox.framework; path = System/Library/Frameworks/AudioToolbox.framework; sourceTree = SDKROOT; };
		D4F9F37B12E54555005CA6D2 /* Test-Info.plist */ = {isa = PBXFileReference; fileEncoding = 4; lastKnownFileType = text.plist.xml; path = "Test-Info.plist"; sourceTree = SOURCE_ROOT; };
/* End PBXFileReference section */

/* Begin PBXFrameworksBuildPhase section */
		1D60588F0D05DD3D006BFB54 /* Frameworks */ = {
			isa = PBXFrameworksBuildPhase;
			buildActionMask = 2147483647;
			files = (
				84C2A1A5176B9AAF006FFD35 /* SystemConfiguration.framework in Frameworks */,
				841377B9176A5BAE00CD88D6 /* StoreKit.framework in Frameworks */,
				841377B7176A5B9E00CD88D6 /* Security.framework in Frameworks */,
				1ACB3244164770DE00914215 /* libcurl.a in Frameworks */,
				15AA9F4915B7F3A60033D6C2 /* libcocos2dx.a in Frameworks */,
				1D60589F0D05DD5A006BFB54 /* Foundation.framework in Frameworks */,
				1DF5F4E00D08C38300B7A737 /* UIKit.framework in Frameworks */,
				288765A50DF7441C002DB57D /* CoreGraphics.framework in Frameworks */,
				BF171245129291EC00B8313A /* OpenGLES.framework in Frameworks */,
				BF1712461292920000B8313A /* libxml2.dylib in Frameworks */,
				BF1712471292920000B8313A /* libz.dylib in Frameworks */,
				BF1C47F01293687400B63C5D /* QuartzCore.framework in Frameworks */,
				D44C620C132DFF330009C878 /* OpenAL.framework in Frameworks */,
				D44C620E132DFF430009C878 /* AVFoundation.framework in Frameworks */,
				D44C6210132DFF4E0009C878 /* AudioToolbox.framework in Frameworks */,
			);
			runOnlyForDeploymentPostprocessing = 0;
		};
/* End PBXFrameworksBuildPhase section */

/* Begin PBXGroup section */
		080E96DDFE201D6D7F000001 /* ios */ = {
			isa = PBXGroup;
			children = (
				D4F9F37B12E54555005CA6D2 /* Test-Info.plist */,
				29B97316FDCFA39411CA2CEA /* main.m */,
				1D3623240D0F684500981E51 /* testsAppDelegate.h */,
				32CA4F630368D1EE00C91783 /* iphone_Prefix.pch */,
				1D3623250D0F684500981E51 /* testsAppDelegate.mm */,
				BF3326F213690DA4007CAA22 /* RootViewController.h */,
				BF3326F313690DA4007CAA22 /* RootViewController.mm */,
				84C3897F176B324200114902 /* PlatformImpl.mm */,
			);
			name = ios;
			path = Classes;
			sourceTree = "<group>";
		};
		15AA9C2E15B7EBDF0033D6C2 /* Products */ = {
			isa = PBXGroup;
			children = (
				15AA9C3515B7EBDF0033D6C2 /* libcocos2dx.a */,
			);
			name = Products;
			sourceTree = "<group>";
		};
		15AA9D9E15B7EC7C0033D6C2 /* CocosDenshion */ = {
			isa = PBXGroup;
			children = (
				15AA9DA515B7EC7C0033D6C2 /* include */,
				15AA9DA815B7EC7C0033D6C2 /* ios */,
			);
			name = CocosDenshion;
			path = ../../../CocosDenshion;
			sourceTree = "<group>";
		};
		15AA9DA515B7EC7C0033D6C2 /* include */ = {
			isa = PBXGroup;
			children = (
				15AA9DA615B7EC7C0033D6C2 /* Export.h */,
				15AA9DA715B7EC7C0033D6C2 /* SimpleAudioEngine.h */,
			);
			path = include;
			sourceTree = "<group>";
		};
		15AA9DA815B7EC7C0033D6C2 /* ios */ = {
			isa = PBXGroup;
			children = (
				15AA9DA915B7EC7C0033D6C2 /* CDAudioManager.h */,
				15AA9DAA15B7EC7C0033D6C2 /* CDAudioManager.m */,
				15AA9DAB15B7EC7C0033D6C2 /* CDConfig.h */,
				15AA9DAC15B7EC7C0033D6C2 /* CDOpenALSupport.h */,
				15AA9DAD15B7EC7C0033D6C2 /* CDOpenALSupport.m */,
				15AA9DAE15B7EC7C0033D6C2 /* CocosDenshion.h */,
				15AA9DAF15B7EC7C0033D6C2 /* CocosDenshion.m */,
				15AA9DB015B7EC7C0033D6C2 /* SimpleAudioEngine.mm */,
				15AA9DB115B7EC7C0033D6C2 /* SimpleAudioEngine_objc.h */,
				15AA9DB215B7EC7C0033D6C2 /* SimpleAudioEngine_objc.m */,
			);
			path = ios;
			sourceTree = "<group>";
		};
		29B97314FDCFA39411CA2CEA /* CustomTemplate */ = {
			isa = PBXGroup;
			children = (
				847598A31770E02E001D7178 /* iTunesArtwork */,
				847598A11770D5CF001D7178 /* Icon-144.png */,
				8475989F1770D5C7001D7178 /* Icon-72.png */,
				8475989D1770D5BD001D7178 /* Icon-114.png */,
				8475989B1770D59A001D7178 /* Icon-57.png */,
				84C2A1A4176B9AAF006FFD35 /* SystemConfiguration.framework */,
				84C2A1A2176B9A58006FFD35 /* CFNetwork.framework */,
				84C2A19C176B8859006FFD35 /* Default-568h@2x.png */,
				84C2A19A176B8818006FFD35 /* Default@2x.png */,
				84C2A195176B8642006FFD35 /* Default-Landscape~ipad.png */,
				84C2A18F176B8603006FFD35 /* Default.png */,
				841377B8176A5BAE00CD88D6 /* StoreKit.framework */,
				841377B6176A5B9E00CD88D6 /* Security.framework */,
				84137683176A4DB000CD88D6 /* Classes */,
				84137681176A4D5F00CD88D6 /* PurchaseEmulator.cpp */,
				8413767F176A4CC900CD88D6 /* music */,
				84305AEC174AA8A700947C7D /* levels.ad */,
				84305AEA174AA89C00947C7D /* medium */,
				15AA9C2D15B7EBDF0033D6C2 /* cocos2dx.xcodeproj */,
				15AA9D9E15B7EC7C0033D6C2 /* CocosDenshion */,
				29B97323FDCFA39411CA2CEA /* Frameworks */,
				080E96DDFE201D6D7F000001 /* ios */,
				8475989A1770D51F001D7178 /* MathIsFunJunior.app */,
			);
			name = CustomTemplate;
			sourceTree = "<group>";
		};
		29B97323FDCFA39411CA2CEA /* Frameworks */ = {
			isa = PBXGroup;
			children = (
				1ACB3243164770DE00914215 /* libcurl.a */,
				BF170DB212928DE900B8313A /* libxml2.dylib */,
				BF170DB412928DE900B8313A /* libz.dylib */,
				D44C620F132DFF4E0009C878 /* AudioToolbox.framework */,
				D44C620D132DFF430009C878 /* AVFoundation.framework */,
				288765A40DF7441C002DB57D /* CoreGraphics.framework */,
				1D30AB110D05D00D00671497 /* Foundation.framework */,
				D44C620B132DFF330009C878 /* OpenAL.framework */,
				BF170DB012928DE900B8313A /* OpenGLES.framework */,
				BF1C47EA1293683800B63C5D /* QuartzCore.framework */,
				1DF5F4DF0D08C38300B7A737 /* UIKit.framework */,
			);
			name = Frameworks;
			sourceTree = "<group>";
		};
		84137683176A4DB000CD88D6 /* Classes */ = {
			isa = PBXGroup;
			children = (
				841377BA176A5C3000CD88D6 /* cocos2dx_EventHandlers.cpp */,
				84137684176A4DB000CD88D6 /* AppDelegate.cpp */,
				84137685176A4DB000CD88D6 /* AppDelegate.h */,
				84137686176A4DB000CD88D6 /* AppMacros.h */,
				84137687176A4DB000CD88D6 /* Binary */,
				8413768A176A4DB000CD88D6 /* cocos2d-A.h */,
				8413768B176A4DB000CD88D6 /* Core */,
				8413769F176A4DB000CD88D6 /* Layers */,
				841376B4176A4DB000CD88D6 /* Logic */,
				841376C1176A4DB000CD88D6 /* Math */,
				841376CE176A4DB000CD88D6 /* PurchaseHandler.cpp */,
				841376CF176A4DB000CD88D6 /* PurchaseHandler.h */,
				841376D0176A4DB000CD88D6 /* Scenes */,
				841376E0176A4DB000CD88D6 /* Store.cpp */,
				841376E1176A4DB000CD88D6 /* Store.h */,
			);
			name = Classes;
			path = ../Classes;
			sourceTree = "<group>";
		};
		84137687176A4DB000CD88D6 /* Binary */ = {
			isa = PBXGroup;
			children = (
				84137688176A4DB000CD88D6 /* Binary.h */,
				84137689176A4DB000CD88D6 /* BinaryLogic.h */,
			);
			path = Binary;
			sourceTree = "<group>";
		};
		8413768B176A4DB000CD88D6 /* Core */ = {
			isa = PBXGroup;
			children = (
				8413768C176A4DB000CD88D6 /* AnimatedMenuItem.cpp */,
				8413768D176A4DB000CD88D6 /* AnimatedMenuItem.h */,
				8413768E176A4DB000CD88D6 /* Browser.h */,
				8413768F176A4DB000CD88D6 /* CCManualFont.cpp */,
				84137690176A4DB000CD88D6 /* CCManualFont.h */,
				84137691176A4DB000CD88D6 /* CCNodeWithOpacity.h */,
				84137692176A4DB000CD88D6 /* CCScrollView.cpp */,
				84137693176A4DB000CD88D6 /* CCScrollView.h */,
				84137694176A4DB000CD88D6 /* CCTime.cpp */,
				84137695176A4DB000CD88D6 /* CCTime.h */,
				84137696176A4DB000CD88D6 /* ExtensionMacros.h */,
				84137697176A4DB000CD88D6 /* GraphicsManager.cpp */,
				84137698176A4DB000CD88D6 /* GraphicsManager.h */,
				84137699176A4DB000CD88D6 /* MenuSpriteBatch.cpp */,
				8413769A176A4DB000CD88D6 /* MenuSpriteBatch.h */,
				8413769B176A4DB000CD88D6 /* MusicSettings.cpp */,
				8413769C176A4DB000CD88D6 /* MusicSettings.h */,
				8413769D176A4DB000CD88D6 /* Notification.h */,
				8413769E176A4DB000CD88D6 /* Statistics.h */,
			);
			path = Core;
			sourceTree = "<group>";
		};
		8413769F176A4DB000CD88D6 /* Layers */ = {
			isa = PBXGroup;
			children = (
				841376A0176A4DB000CD88D6 /* BackgroundHolder.cpp */,
				841376A1176A4DB000CD88D6 /* BackgroundHolder.h */,
				841376A2176A4DB000CD88D6 /* DebugLayer.cpp */,
				841376A3176A4DB000CD88D6 /* DebugLayer.h */,
				841376A4176A4DB000CD88D6 /* DisplaySolution.cpp */,
				841376A5176A4DB000CD88D6 /* DisplaySolution.h */,
				841376A6176A4DB000CD88D6 /* EquationDrawer.cpp */,
				841376A7176A4DB000CD88D6 /* EquationDrawer.h */,
				841376A8176A4DB000CD88D6 /* FoundSolutionsLayer.cpp */,
				841376A9176A4DB000CD88D6 /* FoundSolutionsLayer.h */,
				841376AA176A4DB000CD88D6 /* LevelKeyboard.cpp */,
				841376AB176A4DB000CD88D6 /* LevelKeyboard.h */,
				841376AC176A4DB000CD88D6 /* LevelScenePopUp.cpp */,
				841376AD176A4DB000CD88D6 /* LevelScenePopUp.h */,
				841376AE176A4DB000CD88D6 /* LevelStop.cpp */,
				841376AF176A4DB000CD88D6 /* LevelStop.h */,
				841376B0176A4DB000CD88D6 /* PopUpWindow.cpp */,
				841376B1176A4DB000CD88D6 /* PopUpWindow.h */,
				841376B2176A4DB000CD88D6 /* YesNoDialog.cpp */,
				841376B3176A4DB000CD88D6 /* YesNoDialog.h */,
			);
			path = Layers;
			sourceTree = "<group>";
		};
		841376B4176A4DB000CD88D6 /* Logic */ = {
			isa = PBXGroup;
			children = (
				841376B5176A4DB000CD88D6 /* Collection.cpp */,
				841376B6176A4DB000CD88D6 /* Collection.h */,
				841376B7176A4DB000CD88D6 /* Language.cpp */,
				841376B8176A4DB000CD88D6 /* Language.h */,
				841376B9176A4DB000CD88D6 /* Level.cpp */,
				841376BA176A4DB000CD88D6 /* Level.h */,
				841376BB176A4DB000CD88D6 /* RW.cpp */,
				841376BC176A4DB000CD88D6 /* RW.h */,
				841376BD176A4DB000CD88D6 /* Stamp.cpp */,
				841376BE176A4DB000CD88D6 /* Stamp.h */,
				841376BF176A4DB000CD88D6 /* Tutorial.cpp */,
				841376C0176A4DB000CD88D6 /* Tutorial.h */,
			);
			path = Logic;
			sourceTree = "<group>";
		};
		841376C1176A4DB000CD88D6 /* Math */ = {
			isa = PBXGroup;
			children = (
				841376C2176A4DB000CD88D6 /* Equation.cpp */,
				841376C3176A4DB000CD88D6 /* Equation.h */,
				841376C4176A4DB000CD88D6 /* ExpressionParser.cpp */,
				841376C5176A4DB000CD88D6 /* ExpressionParser.h */,
				841376C6176A4DB000CD88D6 /* Node.cpp */,
				841376C7176A4DB000CD88D6 /* Node.h */,
				841376C8176A4DB000CD88D6 /* Solution.cpp */,
				841376C9176A4DB000CD88D6 /* Solution.h */,
				841376CA176A4DB000CD88D6 /* Symbol.cpp */,
				841376CB176A4DB000CD88D6 /* Symbol.h */,
				841376CC176A4DB000CD88D6 /* Term.cpp */,
				841376CD176A4DB000CD88D6 /* Term.h */,
			);
			path = Math;
			sourceTree = "<group>";
		};
		841376D0176A4DB000CD88D6 /* Scenes */ = {
			isa = PBXGroup;
			children = (
				841376D1176A4DB000CD88D6 /* Developers.cpp */,
				841376D2176A4DB000CD88D6 /* Developers.h */,
				841376D3176A4DB000CD88D6 /* LevelScene.cpp */,
				841376D4176A4DB000CD88D6 /* LevelScene.h */,
				841376D5176A4DB000CD88D6 /* Loading.cpp */,
				841376D6176A4DB000CD88D6 /* Loading.h */,
				841376D7176A4DB000CD88D6 /* MainMenu.cpp */,
				841376D8176A4DB000CD88D6 /* MainMenu.h */,
				841376D9176A4DB000CD88D6 /* SelectCollection.cpp */,
				841376DA176A4DB000CD88D6 /* SelectCollection.h */,
				841376DB176A4DB000CD88D6 /* SelectCollection_UnlockAnimator.h */,
				841376DC176A4DB000CD88D6 /* SelectLevel.cpp */,
				841376DD176A4DB000CD88D6 /* SelectLevel.h */,
				841376DE176A4DB000CD88D6 /* Settings.cpp */,
				841376DF176A4DB000CD88D6 /* Settings.h */,
			);
			path = Scenes;
			sourceTree = "<group>";
		};
/* End PBXGroup section */

/* Begin PBXNativeTarget section */
		1D6058900D05DD3D006BFB54 /* MathIsFunJunior */ = {
			isa = PBXNativeTarget;
			buildConfigurationList = 1D6058960D05DD3E006BFB54 /* Build configuration list for PBXNativeTarget "MathIsFunJunior" */;
			buildPhases = (
				1D60588D0D05DD3D006BFB54 /* Resources */,
				1D60588E0D05DD3D006BFB54 /* Sources */,
				1D60588F0D05DD3D006BFB54 /* Frameworks */,
			);
			buildRules = (
			);
			dependencies = (
				15AA9F4815B7F39F0033D6C2 /* PBXTargetDependency */,
			);
			name = MathIsFunJunior;
			productName = iphone;
			productReference = 8475989A1770D51F001D7178 /* MathIsFunJunior.app */;
			productType = "com.apple.product-type.application";
		};
/* End PBXNativeTarget section */

/* Begin PBXProject section */
		29B97313FDCFA39411CA2CEA /* Project object */ = {
			isa = PBXProject;
			attributes = {
				LastUpgradeCheck = 0430;
			};
			buildConfigurationList = C01FCF4E08A954540054247B /* Build configuration list for PBXProject "TestCpp" */;
			compatibilityVersion = "Xcode 3.2";
			developmentRegion = English;
			hasScannedForEncodings = 1;
			knownRegions = (
				English,
				Japanese,
				French,
				German,
			);
			mainGroup = 29B97314FDCFA39411CA2CEA /* CustomTemplate */;
			productRefGroup = 29B97314FDCFA39411CA2CEA /* CustomTemplate */;
			projectDirPath = "";
			projectReferences = (
				{
					ProductGroup = 15AA9C2E15B7EBDF0033D6C2 /* Products */;
					ProjectRef = 15AA9C2D15B7EBDF0033D6C2 /* cocos2dx.xcodeproj */;
				},
			);
			projectRoot = "";
			targets = (
				1D6058900D05DD3D006BFB54 /* MathIsFunJunior */,
			);
		};
/* End PBXProject section */

/* Begin PBXReferenceProxy section */
		15AA9C3515B7EBDF0033D6C2 /* libcocos2dx.a */ = {
			isa = PBXReferenceProxy;
			fileType = archive.ar;
			path = libcocos2dx.a;
			remoteRef = 15AA9C3415B7EBDF0033D6C2 /* PBXContainerItemProxy */;
			sourceTree = BUILT_PRODUCTS_DIR;
		};
/* End PBXReferenceProxy section */

/* Begin PBXResourcesBuildPhase section */
		1D60588D0D05DD3D006BFB54 /* Resources */ = {
			isa = PBXResourcesBuildPhase;
			buildActionMask = 2147483647;
			files = (
				84305AEB174AA89C00947C7D /* medium in Resources */,
				84305AED174AA8A700947C7D /* levels.ad in Resources */,
				84137680176A4CC900CD88D6 /* music in Resources */,
				84C2A198176B86FC006FFD35 /* Default-Landscape~ipad.png in Resources */,
				84C2A199176B8798006FFD35 /* Default.png in Resources */,
				84C2A19D176B8859006FFD35 /* Default-568h@2x.png in Resources */,
				84C2A19E176B88B8006FFD35 /* Default@2x.png in Resources */,
				8475989C1770D59A001D7178 /* Icon-57.png in Resources */,
				8475989E1770D5BD001D7178 /* Icon-114.png in Resources */,
				847598A01770D5C7001D7178 /* Icon-72.png in Resources */,
				847598A21770D5CF001D7178 /* Icon-144.png in Resources */,
				847598A41770E02E001D7178 /* iTunesArtwork in Resources */,
			);
			runOnlyForDeploymentPostprocessing = 0;
		};
/* End PBXResourcesBuildPhase section */

/* Begin PBXSourcesBuildPhase section */
		1D60588E0D05DD3D006BFB54 /* Sources */ = {
			isa = PBXSourcesBuildPhase;
			buildActionMask = 2147483647;
			files = (
				1D60589B0D05DD56006BFB54 /* main.m in Sources */,
				1D3623260D0F684500981E51 /* testsAppDelegate.mm in Sources */,
				BF3326F413690DA4007CAA22 /* RootViewController.mm in Sources */,
				15AA9DC015B7EC7C0033D6C2 /* CDAudioManager.m in Sources */,
				15AA9DC115B7EC7C0033D6C2 /* CDOpenALSupport.m in Sources */,
				15AA9DC215B7EC7C0033D6C2 /* CocosDenshion.m in Sources */,
				15AA9DC315B7EC7C0033D6C2 /* SimpleAudioEngine.mm in Sources */,
				15AA9DC415B7EC7C0033D6C2 /* SimpleAudioEngine_objc.m in Sources */,
				84137682176A4D5F00CD88D6 /* PurchaseEmulator.cpp in Sources */,
				841376F3176A4DB100CD88D6 /* AppDelegate.cpp in Sources */,
				841376F4176A4DB100CD88D6 /* AnimatedMenuItem.cpp in Sources */,
				841376F5176A4DB100CD88D6 /* CCManualFont.cpp in Sources */,
				841376F6176A4DB100CD88D6 /* CCScrollView.cpp in Sources */,
				841376F7176A4DB100CD88D6 /* CCTime.cpp in Sources */,
				841376F8176A4DB100CD88D6 /* GraphicsManager.cpp in Sources */,
				841376F9176A4DB100CD88D6 /* MenuSpriteBatch.cpp in Sources */,
				841376FA176A4DB100CD88D6 /* MusicSettings.cpp in Sources */,
				841376FB176A4DB100CD88D6 /* BackgroundHolder.cpp in Sources */,
				841376FC176A4DB100CD88D6 /* DebugLayer.cpp in Sources */,
				841376FD176A4DB100CD88D6 /* DisplaySolution.cpp in Sources */,
				841376FE176A4DB100CD88D6 /* EquationDrawer.cpp in Sources */,
				841376FF176A4DB100CD88D6 /* FoundSolutionsLayer.cpp in Sources */,
				84137700176A4DB100CD88D6 /* LevelKeyboard.cpp in Sources */,
				84137701176A4DB100CD88D6 /* LevelScenePopUp.cpp in Sources */,
				84137702176A4DB100CD88D6 /* LevelStop.cpp in Sources */,
				84137703176A4DB100CD88D6 /* PopUpWindow.cpp in Sources */,
				84137704176A4DB100CD88D6 /* YesNoDialog.cpp in Sources */,
				84137705176A4DB100CD88D6 /* Collection.cpp in Sources */,
				84137706176A4DB100CD88D6 /* Language.cpp in Sources */,
				84137707176A4DB100CD88D6 /* Level.cpp in Sources */,
				84137708176A4DB100CD88D6 /* RW.cpp in Sources */,
				84137709176A4DB100CD88D6 /* Stamp.cpp in Sources */,
				8413770A176A4DB100CD88D6 /* Tutorial.cpp in Sources */,
				8413770B176A4DB100CD88D6 /* Equation.cpp in Sources */,
				8413770C176A4DB100CD88D6 /* ExpressionParser.cpp in Sources */,
				8413770D176A4DB100CD88D6 /* Node.cpp in Sources */,
				8413770E176A4DB100CD88D6 /* Solution.cpp in Sources */,
				8413770F176A4DB100CD88D6 /* Symbol.cpp in Sources */,
				84137710176A4DB100CD88D6 /* Term.cpp in Sources */,
				84137711176A4DB100CD88D6 /* PurchaseHandler.cpp in Sources */,
				84137712176A4DB100CD88D6 /* Developers.cpp in Sources */,
				84137713176A4DB100CD88D6 /* LevelScene.cpp in Sources */,
				84137714176A4DB100CD88D6 /* Loading.cpp in Sources */,
				84137715176A4DB100CD88D6 /* MainMenu.cpp in Sources */,
				84137716176A4DB100CD88D6 /* SelectCollection.cpp in Sources */,
				84137717176A4DB100CD88D6 /* SelectLevel.cpp in Sources */,
				84137718176A4DB100CD88D6 /* Settings.cpp in Sources */,
				84137719176A4DB100CD88D6 /* Store.cpp in Sources */,
				841377BB176A5C3000CD88D6 /* cocos2dx_EventHandlers.cpp in Sources */,
				84C38980176B324200114902 /* PlatformImpl.mm in Sources */,
			);
			runOnlyForDeploymentPostprocessing = 0;
		};
/* End PBXSourcesBuildPhase section */

/* Begin PBXTargetDependency section */
		15AA9F4815B7F39F0033D6C2 /* PBXTargetDependency */ = {
			isa = PBXTargetDependency;
			name = cocos2dx;
			targetProxy = 15AA9F4715B7F39F0033D6C2 /* PBXContainerItemProxy */;
		};
/* End PBXTargetDependency section */

/* Begin XCBuildConfiguration section */
		1D6058940D05DD3E006BFB54 /* Debug */ = {
			isa = XCBuildConfiguration;
			buildSettings = {
				ALWAYS_SEARCH_USER_PATHS = NO;
				CODE_SIGN_IDENTITY = "iPhone Developer";
				"CODE_SIGN_IDENTITY[sdk=iphoneos*]" = "iPhone Developer";
				COPY_PHASE_STRIP = NO;
				GCC_DYNAMIC_NO_PIC = NO;
				GCC_INLINES_ARE_PRIVATE_EXTERN = NO;
				GCC_OPTIMIZATION_LEVEL = 0;
				GCC_PRECOMPILE_PREFIX_HEADER = YES;
				GCC_PREFIX_HEADER = iphone_Prefix.pch;
				GCC_PREPROCESSOR_DEFINITIONS = (
					USE_FILE32API,
					CC_TARGET_OS_IPHONE,
					"COCOS2D_DEBUG=1",
					CC_ENABLE_CHIPMUNK_INTEGRATION,
					JUNIOR,
				);
				GCC_SYMBOLS_PRIVATE_EXTERN = NO;
				GCC_VERSION = "";
				HEADER_SEARCH_PATHS = (
					"$(SRCROOT)/../../../CocosDenshion/include",
					"\"$(SRCROOT)/../../../external/chipmunk/include/constraints\"",
					"\"$(SRCROOT)/../../../external/chipmunk/include/chipmunk\"",
					"\"$(SRCROOT)/../../../cocos2dx/kazmath/include\"",
					"\"$(SRCROOT)/../../../external\"/**",
					"\"$(SRCROOT)/../../../cocos2dx\"",
					"\"$(SRCROOT)/../../../cocos2dx/include\"",
					"\"$(SRCROOT)/../../../cocos2dx/platform/third_party/ios\"",
					"\"$(SRCROOT)/../../../cocos2dx/platform/ios\"",
					"\"$(SRCROOT)/../../../cocos2dx/platform/ios/Simulation\"",
					"\"$(SRCROOT)/../Classes\"",
					"/Users/admin/ios-store-master/SoomlaiOSStore/**",
				);
				INFOPLIST_FILE = "Test-Info.plist";
				IPHONEOS_DEPLOYMENT_TARGET = 4.0;
				LIBRARY_SEARCH_PATHS = (
					"\"$(SRCROOT)/../../../cocos2dx/platform/third_party/ios/libraries\"",
					"\"$(SRCROOT)/../../../../Downloads/Flurry iPhone SDK viPhone 4.2.1/Flurry-iOS-4.2.1/Flurry\"",
				);
				OTHER_CFLAGS = "-O2";
				PRODUCT_NAME = MathIsFunJunior;
				PROVISIONING_PROFILE = "";
				"PROVISIONING_PROFILE[sdk=iphoneos*]" = "";
				SDKROOT = iphoneos;
				TARGETED_DEVICE_FAMILY = "1,2";
				USER_HEADER_SEARCH_PATHS = "";
				VALID_ARCHS = "armv6 armv7 i386";
			};
			name = Debug;
		};
		1D6058950D05DD3E006BFB54 /* Release */ = {
			isa = XCBuildConfiguration;
			buildSettings = {
				ALWAYS_SEARCH_USER_PATHS = NO;
				CODE_SIGN_IDENTITY = "iPhone Developer";
				"CODE_SIGN_IDENTITY[sdk=iphoneos*]" = "iPhone Developer";
				COPY_PHASE_STRIP = YES;
				GCC_INLINES_ARE_PRIVATE_EXTERN = NO;
				GCC_OPTIMIZATION_LEVEL = 0;
				GCC_PRECOMPILE_PREFIX_HEADER = YES;
				GCC_PREFIX_HEADER = iphone_Prefix.pch;
				GCC_PREPROCESSOR_DEFINITIONS = (
					USE_FILE32API,
					CC_TARGET_OS_IPHONE,
					CC_ENABLE_CHIPMUNK_INTEGRATION,
					JUNIOR,
				);
				GCC_SYMBOLS_PRIVATE_EXTERN = NO;
				GCC_VERSION = "";
				HEADER_SEARCH_PATHS = (
					"$(SRCROOT)/../../../CocosDenshion/include",
					"\"$(SRCROOT)/../../../external/chipmunk/include/constraints\"",
					"\"$(SRCROOT)/../../../external/chipmunk/include/chipmunk\"",
					"\"$(SRCROOT)/../../../cocos2dx/kazmath/include\"",
					"\"$(SRCROOT)/../../../external\"/**",
					"\"$(SRCROOT)/../../../cocos2dx\"",
					"\"$(SRCROOT)/../../../cocos2dx/include\"",
					"\"$(SRCROOT)/../../../cocos2dx/platform/third_party/ios\"",
					"\"$(SRCROOT)/../../../cocos2dx/platform/ios\"",
					"\"$(SRCROOT)/../../../cocos2dx/platform/ios/Simulation\"",
					"\"$(SRCROOT)/../Classes\"",
					"/Users/admin/ios-store-master/SoomlaiOSStore/**",
				);
				INFOPLIST_FILE = "Test-Info.plist";
				IPHONEOS_DEPLOYMENT_TARGET = 4.0;
				LIBRARY_SEARCH_PATHS = (
					"\"$(SRCROOT)/../../../cocos2dx/platform/third_party/ios/libraries\"",
					"\"$(SRCROOT)/../../../../Downloads/Flurry iPhone SDK viPhone 4.2.1/Flurry-iOS-4.2.1/Flurry\"",
				);
				PRODUCT_NAME = MathIsFunJunior;
				PROVISIONING_PROFILE = "";
				"PROVISIONING_PROFILE[sdk=iphoneos*]" = "";
				SDKROOT = iphoneos;
				TARGETED_DEVICE_FAMILY = "1,2";
				USER_HEADER_SEARCH_PATHS = "";
				VALIDATE_PRODUCT = YES;
			};
			name = Release;
		};
		C01FCF4F08A954540054247B /* Debug */ = {
			isa = XCBuildConfiguration;
			buildSettings = {
				ARCHS = "$(ARCHS_STANDARD_32_BIT)";
				CODE_SIGN_IDENTITY = "iPhone Developer: 小明 张 (L4ZF355VQS)";
				"CODE_SIGN_IDENTITY[sdk=iphoneos*]" = "iPhone Developer: 小明 张 (L4ZF355VQS)";
				GCC_C_LANGUAGE_STANDARD = c99;
				GCC_VERSION = "";
				GCC_WARN_ABOUT_RETURN_TYPE = YES;
				GCC_WARN_UNUSED_VARIABLE = YES;
				PROVISIONING_PROFILE = "0C43CFE2-55C4-429A-9A03-BFB76D31630B";
				"PROVISIONING_PROFILE[sdk=iphoneos*]" = "0C43CFE2-55C4-429A-9A03-BFB76D31630B";
				SDKROOT = iphoneos;
				VALID_ARCHS = "armv6 armv7 i386";
			};
			name = Debug;
		};
		C01FCF5008A954540054247B /* Release */ = {
			isa = XCBuildConfiguration;
			buildSettings = {
				ARCHS = "$(ARCHS_STANDARD_32_BIT)";
				CODE_SIGN_IDENTITY = "iPhone Developer: 小明 张 (L4ZF355VQS)";
				"CODE_SIGN_IDENTITY[sdk=iphoneos*]" = "iPhone Developer: 小明 张 (L4ZF355VQS)";
				GCC_C_LANGUAGE_STANDARD = c99;
				GCC_VERSION = "";
				GCC_WARN_ABOUT_RETURN_TYPE = YES;
				GCC_WARN_UNUSED_VARIABLE = YES;
				OTHER_CFLAGS = "-DNS_BLOCK_ASSERTIONS=1";
				PROVISIONING_PROFILE = "0C43CFE2-55C4-429A-9A03-BFB76D31630B";
				"PROVISIONING_PROFILE[sdk=iphoneos*]" = "DB6844BA-2943-44DB-B10A-3A3F0E8A52B8";
				SDKROOT = iphoneos;
				VALID_ARCHS = "armv6 armv7 i386";
			};
			name = Release;
		};
/* End XCBuildConfiguration section */

/* Begin XCConfigurationList section */
		1D6058960D05DD3E006BFB54 /* Build configuration list for PBXNativeTarget "MathIsFunJunior" */ = {
			isa = XCConfigurationList;
			buildConfigurations = (
				1D6058940D05DD3E006BFB54 /* Debug */,
				1D6058950D05DD3E006BFB54 /* Release */,
			);
			defaultConfigurationIsVisible = 0;
			defaultConfigurationName = Debug;
		};
		C01FCF4E08A954540054247B /* Build configuration list for PBXProject "TestCpp" */ = {
			isa = XCConfigurationList;
			buildConfigurations = (
				C01FCF4F08A954540054247B /* Debug */,
				C01FCF5008A954540054247B /* Release */,
			);
			defaultConfigurationIsVisible = 0;
			defaultConfigurationName = Debug;
		};
/* End XCConfigurationList section */
	};
	rootObject = 29B97313FDCFA39411CA2CEA /* Project object */;
}
